
Microsoft Visual Studio Solution File, Format Version 12.00
# Visual Studio 15
VisualStudioVersion = 15.0.28307.271
MinimumVisualStudioVersion = 10.0.40219.1
Project("{8BC9CEB8-8B4A-11D0-8D11-00A0C91BC942}") = "Labb1-Algo", "Labb1-Algo\Labb1-Algo.vcxproj", "{9275D852-9485-41B3-B46A-D6DFCD391C26}"
EndProject
Project("{8BC9CEB8-8B4A-11D0-8D11-00A0C91BC942}") = "Labb2-Algo", "Labb2-Algo\Labb2-Algo.vcxproj", "{0CF07982-4CA9-4E7A-AC0C-F9C686B74630}"
EndProject
Project("{8BC9CEB8-8B4A-11D0-8D11-00A0C91BC942}") = "Labb3-Algo", "Labb3-Algo\Labb3-Algo.vcxproj", "{7FE14BAA-FD71-4BE3-9DF2-E8D0B13478AB}"
EndProject
Global
	GlobalSection(SolutionConfigurationPlatforms) = preSolution
		Debug|Win32 = Debug|Win32
		Debug|x64 = Debug|x64
		Release|Win32 = Release|Win32
		Release|x64 = Release|x64
	EndGlobalSection
	GlobalSection(ProjectConfigurationPlatforms) = postSolution
		{9275D852-9485-41B3-B46A-D6DFCD391C26}.Debug|Win32.ActiveCfg = Debug|Win32
		{9275D852-9485-41B3-B46A-D6DFCD391C26}.Debug|Win32.Build.0 = Debug|Win32
		{9275D852-9485-41B3-B46A-D6DFCD391C26}.Debug|x64.ActiveCfg = Debug|Win32
		{9275D852-9485-41B3-B46A-D6DFCD391C26}.Release|Win32.ActiveCfg = Release|Win32
		{9275D852-9485-41B3-B46A-D6DFCD391C26}.Release|Win32.Build.0 = Release|Win32
		{9275D852-9485-41B3-B46A-D6DFCD391C26}.Release|x64.ActiveCfg = Release|Win32
		{0CF07982-4CA9-4E7A-AC0C-F9C686B74630}.Debug|Win32.ActiveCfg = Debug|Win32
		{0CF07982-4CA9-4E7A-AC0C-F9C686B74630}.Debug|Win32.Build.0 = Debug|Win32
		{0CF07982-4CA9-4E7A-AC0C-F9C686B74630}.Debug|x64.ActiveCfg = Debug|x64
		{0CF07982-4CA9-4E7A-AC0C-F9C686B74630}.Debug|x64.Build.0 = Debug|x64
		{0CF07982-4CA9-4E7A-AC0C-F9C686B74630}.Release|Win32.ActiveCfg = Release|Win32
		{0CF07982-4CA9-4E7A-AC0C-F9C686B74630}.Release|Win32.Build.0 = Release|Win32
		{0CF07982-4CA9-4E7A-AC0C-F9C686B74630}.Release|x64.ActiveCfg = Release|x64
		{0CF07982-4CA9-4E7A-AC0C-F9C686B74630}.Release|x64.Build.0 = Release|x64
		{7FE14BAA-FD71-4BE3-9DF2-E8D0B13478AB}.Debug|Win32.ActiveCfg = Debug|Win32
		{7FE14BAA-FD71-4BE3-9DF2-E8D0B13478AB}.Debug|Win32.Build.0 = Debug|Win32
		{7FE14BAA-FD71-4BE3-9DF2-E8D0B13478AB}.Debug|x64.ActiveCfg = Debug|x64
		{7FE14BAA-FD71-4BE3-9DF2-E8D0B13478AB}.Debug|x64.Build.0 = Debug|x64
		{7FE14BAA-FD71-4BE3-9DF2-E8D0B13478AB}.Release|Win32.ActiveCfg = Release|Win32
		{7FE14BAA-FD71-4BE3-9DF2-E8D0B13478AB}.Release|Win32.Build.0 = Release|Win32
		{7FE14BAA-FD71-4BE3-9DF2-E8D0B13478AB}.Release|x64.ActiveCfg = Release|x64
		{7FE14BAA-FD71-4BE3-9DF2-E8D0B13478AB}.Release|x64.Build.0 = Release|x64
	EndGlobalSection
	GlobalSection(SolutionProperties) = preSolution
		HideSolutionNode = FALSE
	EndGlobalSection
	GlobalSection(ExtensibilityGlobals) = postSolution
		SolutionGuid = {8C982319-3D44-4E2F-BA7A-B4E178E34975}
	EndGlobalSection
EndGlobal
